
Microsoft Visual Studio Solution File, Format Version 12.00
# Visual Studio 15
VisualStudioVersion = 15.0.28307.438
MinimumVisualStudioVersion = 10.0.40219.1
Project("{FAE04EC0-301F-11D3-BF4B-00C04F79EFBC}") = "RESTCalculatorGSB", "RESTCalculatorGSB\RESTCalculatorGSB.csproj", "{5A17F62D-F619-4E7F-B6FF-F5FC48301A71}"
EndProject
Global
	GlobalSection(SolutionConfigurationPlatforms) = preSolution
		Debug|Any CPU = Debug|Any CPU
		Release|Any CPU = Release|Any CPU
	EndGlobalSection
	GlobalSection(ProjectConfigurationPlatforms) = postSolution
		{5A17F62D-F619-4E7F-B6FF-F5FC48301A71}.Debug|Any CPU.ActiveCfg = Debug|Any CPU
		{5A17F62D-F619-4E7F-B6FF-F5FC48301A71}.Debug|Any CPU.Build.0 = Debug|Any CPU
		{5A17F62D-F619-4E7F-B6FF-F5FC48301A71}.Release|Any CPU.ActiveCfg = Release|Any CPU
		{5A17F62D-F619-4E7F-B6FF-F5FC48301A71}.Release|Any CPU.Build.0 = Release|Any CPU
	EndGlobalSection
	GlobalSection(SolutionProperties) = preSolution
		HideSolutionNode = FALSE
	EndGlobalSection
	GlobalSection(ExtensibilityGlobals) = postSolution
		SolutionGuid = {7C4172AF-E25F-49E5-BBC6-BC83DB9760C5}
	EndGlobalSection
EndGlobal
